{
  "version": 4,
  "terraform_version": "1.6.5",
  "serial": 1,
  "lineage": "ca5ff043-ac11-7679-a6a8-6725e8c0f9dd",
  "outputs": {},
  "resources": [
    {
      "mode": "managed",
      "type": "local_file",
      "name": "Devops",
      "provider": "provider[\"registry.terraform.io/hashicorp/local\"]",
      "instances": [
        {
          "schema_version": 0,
          "attributes": {
            "content": "This is a test terraform file",
            "content_base64": null,
            "content_base64sha256": "au90CiRhsg+mX3+fwMdbZVW2DPBHrq9oGXnTnhL21gg=",
            "content_base64sha512": "3jrRkQyYnkOA/BU1DkXaK0QSXQpA8zuVIqjIO/qwHsoU2dLd1IS3IO6FIe9Hny8hyLP8dQSiUCETN6FfA48wgQ==",
            "content_md5": "c1941cd011afd3cad1241667da6b5929",
            "content_sha1": "d8a267c53c5c8a505cafcc4eacf2419253739cc6",
            "content_sha256": "6aef740a2461b20fa65f7f9fc0c75b6555b60cf047aeaf681979d39e12f6d608",
            "content_sha512": "de3ad1910c989e4380fc15350e45da2b44125d0a40f33b9522a8c83bfab01eca14d9d2ddd484b720ee8521ef479f2f21c8b3fc7504a250211337a15f038f3081",
            "directory_permission": "0777",
            "file_permission": "0777",
            "filename": "/home/ubuntu/Terraform/terraform-local/devops-automated.txt",
            "id": "d8a267c53c5c8a505cafcc4eacf2419253739cc6",
            "sensitive_content": null,
            "source": null
          },
          "sensitive_attributes": []
        }
      ]
    }
  ],
  "check_results": null
}
