{
  "version": 4,
  "terraform_version": "1.6.5",
  "serial": 8,
  "lineage": "41d679d9-511c-31ce-f816-4360b1cc49c1",
  "outputs": {},
  "resources": [
    {
      "mode": "managed",
      "type": "local_file",
      "name": "devops",
      "provider": "provider[\"registry.terraform.io/hashicorp/local\"]",
      "instances": [
        {
          "schema_version": 0,
          "attributes": {
            "content": "This is a cool content 1",
            "content_base64": null,
            "content_base64sha256": "RgptC6RI+YC5o3JJstgvbFV5XDZgaVYCG5zGyr7V4xM=",
            "content_base64sha512": "pBMFRYfDULb1DQqOyLy84GZFpgsf+ip1QaBmZlHLTx4MxRjaFhqGU8GsbR2sOjevS/6CZeohuB/Z2FT/D6ftvA==",
            "content_md5": "ff06da0c0de21654c273d2b0d398ae61",
            "content_sha1": "3f631544008e818b76bea8408753fdea286b3fbe",
            "content_sha256": "460a6d0ba448f980b9a37249b2d82f6c55795c36606956021b9cc6cabed5e313",
            "content_sha512": "a413054587c350b6f50d0a8ec8bcbce06645a60b1ffa2a7541a0666651cb4f1e0cc518da161a8653c1ac6d1dac3a37af4bfe8265ea21b81fd9d854ff0fa7edbc",
            "directory_permission": "0777",
            "file_permission": "0777",
            "filename": "/home/ubuntu/DevOps/Terraform/Terraform_list/file_1.txt",
            "id": "3f631544008e818b76bea8408753fdea286b3fbe",
            "sensitive_content": null,
            "source": null
          },
          "sensitive_attributes": []
        }
      ]
    },
    {
      "mode": "managed",
      "type": "local_file",
      "name": "devops-var",
      "provider": "provider[\"registry.terraform.io/hashicorp/local\"]",
      "instances": [
        {
          "schema_version": 0,
          "attributes": {
            "content": "This is a cooler content 2",
            "content_base64": null,
            "content_base64sha256": "wBO6fUQFVSZ0V2KEnZVFa/F8zDafwi2wW49Ef2IShTc=",
            "content_base64sha512": "RKUx/1RR7pdjxJEgYOzGSZWB2vBG9za1+PQmEXipcqwlxZr8IJFhnbvbzW4R43BJBbhK5Ayx6FhHzeq0EfTYZQ==",
            "content_md5": "399f479132c3b8ca03732ad3d9503d32",
            "content_sha1": "03e21803b0501d9175a14461511b642cec8de489",
            "content_sha256": "c013ba7d44055526745762849d95456bf17ccc369fc22db05b8f447f62128537",
            "content_sha512": "44a531ff5451ee9763c4912060ecc6499581daf046f736b5f8f4261178a972ac25c59afc2091619dbbdbcd6e11e3704905b84ae40cb1e85847cdeab411f4d865",
            "directory_permission": "0777",
            "file_permission": "0777",
            "filename": "/home/ubuntu/DevOps/Terraform/Terraform_list/file_2.txt",
            "id": "03e21803b0501d9175a14461511b642cec8de489",
            "sensitive_content": null,
            "source": null
          },
          "sensitive_attributes": []
        }
      ]
    }
  ],
  "check_results": null
}
