{
  "version": 4,
  "terraform_version": "1.6.5",
  "serial": 6,
  "lineage": "6a5b2b91-7c30-2ee4-92c0-faac6fc6d6ec",
  "outputs": {},
  "resources": [
    {
      "mode": "managed",
      "type": "local_file",
      "name": "devops",
      "provider": "provider[\"registry.terraform.io/hashicorp/local\"]",
      "instances": [
        {
          "schema_version": 0,
          "attributes": {
            "content": "This is a devops test file",
            "content_base64": null,
            "content_base64sha256": "WoT+c5nuoeXh7DLK3zzzxwE91HuXjjlgDOeNzSmGUYs=",
            "content_base64sha512": "bEMJY3PluKRHYuK1uKJVQQtTnjkn3Ay3Cv5KR81wQEuxWVUnTrJ3f9oxs/mXDL5/B5nX2UN3qNqygFisdAxfJQ==",
            "content_md5": "e412c45cfa088e02aac5e5d41ae11440",
            "content_sha1": "90cefb688e63e15a1cb250b1ac01574d94b442f3",
            "content_sha256": "5a84fe7399eea1e5e1ec32cadf3cf3c7013dd47b978e39600ce78dcd2986518b",
            "content_sha512": "6c43096373e5b8a44762e2b5b8a255410b539e3927dc0cb70afe4a47cd70404bb15955274eb2777fda31b3f9970cbe7f0799d7d94377a8dab28058ac740c5f25",
            "directory_permission": "0777",
            "file_permission": "0777",
            "filename": "/home/ubuntu/DevOps/Terraform/Terraform_variables/devops_test.txt",
            "id": "90cefb688e63e15a1cb250b1ac01574d94b442f3",
            "sensitive_content": null,
            "source": null
          },
          "sensitive_attributes": []
        }
      ]
    },
    {
      "mode": "managed",
      "type": "local_file",
      "name": "devops-var",
      "provider": "provider[\"registry.terraform.io/hashicorp/local\"]",
      "instances": [
        {
          "schema_version": 0,
          "attributes": {
            "content": "This is autogenerated from a variable",
            "content_base64": null,
            "content_base64sha256": "dx6fYRSRD/nHfeAol0iL8bJa1MTdq93NJtUfbGKLJY0=",
            "content_base64sha512": "MqFZmKEoQqBdhHq/d/wwkC4py6IjpoWsoZyj+auOf7MJHQlTNMH/QiJeEieJxEq60rRdQ06YKvMUQwNYcnhYIw==",
            "content_md5": "3e9d7cb14bf04e90ad6904057ed6e3dc",
            "content_sha1": "5cfce969c26613c99f97038a62b3fb1499afec93",
            "content_sha256": "771e9f6114910ff9c77de02897488bf1b25ad4c4ddabddcd26d51f6c628b258d",
            "content_sha512": "32a15998a12842a05d847abf77fc30902e29cba223a685aca19ca3f9ab8e7fb3091d095334c1ff42225e122789c44abad2b45d434e982af31443035872785823",
            "directory_permission": "0777",
            "file_permission": "0777",
            "filename": "/home/ubuntu/DevOps/Terraform/Terraform_variablesdevops_automated.txt",
            "id": "5cfce969c26613c99f97038a62b3fb1499afec93",
            "sensitive_content": null,
            "source": null
          },
          "sensitive_attributes": []
        }
      ]
    }
  ],
  "check_results": null
}
