{
  "version": 4,
  "terraform_version": "1.6.5",
  "serial": 3,
  "lineage": "2d60b69b-2a7d-93cf-fca6-5bf7fd392eed",
  "outputs": {},
  "resources": [
    {
      "mode": "managed",
      "type": "local_file",
      "name": "devops",
      "provider": "provider[\"registry.terraform.io/hashicorp/local\"]",
      "instances": [
        {
          "schema_version": 0,
          "attributes": {
            "content": "This is a cool content 1",
            "content_base64": null,
            "content_base64sha256": "RgptC6RI+YC5o3JJstgvbFV5XDZgaVYCG5zGyr7V4xM=",
            "content_base64sha512": "pBMFRYfDULb1DQqOyLy84GZFpgsf+ip1QaBmZlHLTx4MxRjaFhqGU8GsbR2sOjevS/6CZeohuB/Z2FT/D6ftvA==",
            "content_md5": "ff06da0c0de21654c273d2b0d398ae61",
            "content_sha1": "3f631544008e818b76bea8408753fdea286b3fbe",
            "content_sha256": "460a6d0ba448f980b9a37249b2d82f6c55795c36606956021b9cc6cabed5e313",
            "content_sha512": "a413054587c350b6f50d0a8ec8bcbce06645a60b1ffa2a7541a0666651cb4f1e0cc518da161a8653c1ac6d1dac3a37af4bfe8265ea21b81fd9d854ff0fa7edbc",
            "directory_permission": "0777",
            "file_permission": "0777",
            "filename": "/home/ubuntu/DevOps/Terraform/Terraform_variables/devops_test.txt",
            "id": "3f631544008e818b76bea8408753fdea286b3fbe",
            "sensitive_content": null,
            "source": null
          },
          "sensitive_attributes": []
        }
      ]
    },
    {
      "mode": "managed",
      "type": "local_file",
      "name": "devops-var",
      "provider": "provider[\"registry.terraform.io/hashicorp/local\"]",
      "instances": [
        {
          "schema_version": 0,
          "attributes": {
            "content": "This is a coller comtent 2",
            "content_base64": null,
            "content_base64sha256": "hRNfss57FwaC+bb+B71F9zIkmjcn7IbUkgHOMnA+Ipc=",
            "content_base64sha512": "pm8kWjaoEOyvf7FezvlmASSwqp9UnA81/0DUoW4ak6fSLHGelmXqil8CQ+/aXvQEhzJhD5BX9iL2XcB59kQsfg==",
            "content_md5": "f4831c069e2262069a292620c1c7902b",
            "content_sha1": "5f2405a9f55c41a501d34555b227eae4e16ff9e5",
            "content_sha256": "85135fb2ce7b170682f9b6fe07bd45f732249a3727ec86d49201ce32703e2297",
            "content_sha512": "a66f245a36a810ecaf7fb15ecef9660124b0aa9f549c0f35ff40d4a16e1a93a7d22c719e9665ea8a5f0243efda5ef4048732610f9057f622f65dc079f6442c7e",
            "directory_permission": "0777",
            "file_permission": "0777",
            "filename": "/home/ubuntu/DevOps/Terraform/Terraform_variables/devops_automated.txt",
            "id": "5f2405a9f55c41a501d34555b227eae4e16ff9e5",
            "sensitive_content": null,
            "source": null
          },
          "sensitive_attributes": []
        }
      ]
    }
  ],
  "check_results": null
}
